// !$*UTF8*$!
{
	archiveVersion = 1;
	classes = {
	};
	objectVersion = 46;
	objects = {

/* Begin PBXBuildFile section */
		251F40011309167A005CB000 /* MCTestCell.xib in Resources */ = {isa = PBXBuildFile; fileRef = 251F40001309167A005CB000 /* MCTestCell.xib */; };
		251F40041309190A005CB000 /* MCTestCell.m in Sources */ = {isa = PBXBuildFile; fileRef = 251F400313091909005CB000 /* MCTestCell.m */; };
		251F400713092EA4005CB000 /* arrow_circle_left.png in Resources */ = {isa = PBXBuildFile; fileRef = 251F400513092EA4005CB000 /* arrow_circle_left.png */; };
		251F400813092EA4005CB000 /* arrow_circle_left@2x.png in Resources */ = {isa = PBXBuildFile; fileRef = 251F400613092EA4005CB000 /* arrow_circle_left@2x.png */; };
		251F400C13093BFA005CB000 /* MCTestsView.xib in Resources */ = {isa = PBXBuildFile; fileRef = 251F400B13093BF9005CB000 /* MCTestsView.xib */; };
		251F401F1309535B005CB000 /* play.png in Resources */ = {isa = PBXBuildFile; fileRef = 251F401D1309535B005CB000 /* play.png */; };
		251F40201309535B005CB000 /* play@2x.png in Resources */ = {isa = PBXBuildFile; fileRef = 251F401E1309535B005CB000 /* play@2x.png */; };
		251F402313095940005CB000 /* MCTest.m in Sources */ = {isa = PBXBuildFile; fileRef = 251F40221309593C005CB000 /* MCTest.m */; };
		251F4050130971F4005CB000 /* InAppSettingsPSChildPaneSpecifierCell.m in Sources */ = {isa = PBXBuildFile; fileRef = 251F4038130971F4005CB000 /* InAppSettingsPSChildPaneSpecifierCell.m */; };
		251F4051130971F4005CB000 /* InAppSettingsPSMultiValueSpecifierCell.m in Sources */ = {isa = PBXBuildFile; fileRef = 251F403A130971F4005CB000 /* InAppSettingsPSMultiValueSpecifierCell.m */; };
		251F4052130971F4005CB000 /* InAppSettingsPSSliderSpecifierCell.m in Sources */ = {isa = PBXBuildFile; fileRef = 251F403C130971F4005CB000 /* InAppSettingsPSSliderSpecifierCell.m */; };
		251F4053130971F4005CB000 /* InAppSettingsPSTextFieldSpecifierCell.m in Sources */ = {isa = PBXBuildFile; fileRef = 251F403E130971F4005CB000 /* InAppSettingsPSTextFieldSpecifierCell.m */; };
		251F4054130971F4005CB000 /* InAppSettingsPSTitleValueSpecifierCell.m in Sources */ = {isa = PBXBuildFile; fileRef = 251F4040130971F4005CB000 /* InAppSettingsPSTitleValueSpecifierCell.m */; };
		251F4055130971F4005CB000 /* InAppSettingsPSToggleSwitchSpecifierCell.m in Sources */ = {isa = PBXBuildFile; fileRef = 251F4042130971F4005CB000 /* InAppSettingsPSToggleSwitchSpecifierCell.m */; };
		251F4056130971F4005CB000 /* InAppSettingsTableCell.m in Sources */ = {isa = PBXBuildFile; fileRef = 251F4044130971F4005CB000 /* InAppSettingsTableCell.m */; };
		251F4057130971F4005CB000 /* InAppSettings.m in Sources */ = {isa = PBXBuildFile; fileRef = 251F4046130971F4005CB000 /* InAppSettings.m */; };
		251F4058130971F4005CB000 /* InAppSettings.png in Resources */ = {isa = PBXBuildFile; fileRef = 251F4047130971F4005CB000 /* InAppSettings.png */; };
		251F4059130971F4005CB000 /* InAppSettings@2x.png in Resources */ = {isa = PBXBuildFile; fileRef = 251F4048130971F4005CB000 /* InAppSettings@2x.png */; };
		251F405A130971F4005CB000 /* InAppSettingsPSMultiValueSpecifierTable.m in Sources */ = {isa = PBXBuildFile; fileRef = 251F404B130971F4005CB000 /* InAppSettingsPSMultiValueSpecifierTable.m */; };
		251F405B130971F4005CB000 /* InAppSettingsReader.m in Sources */ = {isa = PBXBuildFile; fileRef = 251F404D130971F4005CB000 /* InAppSettingsReader.m */; };
		251F405C130971F4005CB000 /* InAppSettingsSpecifier.m in Sources */ = {isa = PBXBuildFile; fileRef = 251F404F130971F4005CB000 /* InAppSettingsSpecifier.m */; };
		251F405E13097616005CB000 /* Settings.bundle in Resources */ = {isa = PBXBuildFile; fileRef = 251F405D13097616005CB000 /* Settings.bundle */; };
		2541C3911309070900CF6B68 /* NSObject+JSON.m in Sources */ = {isa = PBXBuildFile; fileRef = 2541C3801309070900CF6B68 /* NSObject+JSON.m */; };
		2541C3921309070900CF6B68 /* SBJsonParser.m in Sources */ = {isa = PBXBuildFile; fileRef = 2541C3821309070900CF6B68 /* SBJsonParser.m */; };
		2541C3931309070900CF6B68 /* SBJsonStreamParser.m in Sources */ = {isa = PBXBuildFile; fileRef = 2541C3841309070900CF6B68 /* SBJsonStreamParser.m */; };
		2541C3941309070900CF6B68 /* SBJsonStreamParserAdapter.m in Sources */ = {isa = PBXBuildFile; fileRef = 2541C3861309070900CF6B68 /* SBJsonStreamParserAdapter.m */; };
		2541C3951309070900CF6B68 /* SBJsonStreamParserState.m in Sources */ = {isa = PBXBuildFile; fileRef = 2541C3881309070900CF6B68 /* SBJsonStreamParserState.m */; };
		2541C3961309070900CF6B68 /* SBJsonStreamWriter.m in Sources */ = {isa = PBXBuildFile; fileRef = 2541C38A1309070900CF6B68 /* SBJsonStreamWriter.m */; };
		2541C3971309070900CF6B68 /* SBJsonStreamWriterState.m in Sources */ = {isa = PBXBuildFile; fileRef = 2541C38C1309070900CF6B68 /* SBJsonStreamWriterState.m */; };
		2541C3981309070900CF6B68 /* SBJsonTokeniser.m in Sources */ = {isa = PBXBuildFile; fileRef = 2541C38E1309070900CF6B68 /* SBJsonTokeniser.m */; };
		2541C3991309070900CF6B68 /* SBJsonWriter.m in Sources */ = {isa = PBXBuildFile; fileRef = 2541C3901309070900CF6B68 /* SBJsonWriter.m */; };
		25514C5F13026D79002C5D1F /* UIKit.framework in Frameworks */ = {isa = PBXBuildFile; fileRef = 25514C5E13026D79002C5D1F /* UIKit.framework */; };
		25514C6113026D79002C5D1F /* Foundation.framework in Frameworks */ = {isa = PBXBuildFile; fileRef = 25514C6013026D79002C5D1F /* Foundation.framework */; };
		25514C6313026D79002C5D1F /* CoreGraphics.framework in Frameworks */ = {isa = PBXBuildFile; fileRef = 25514C6213026D79002C5D1F /* CoreGraphics.framework */; };
		25514C6913026D79002C5D1F /* InfoPlist.strings in Resources */ = {isa = PBXBuildFile; fileRef = 25514C6713026D79002C5D1F /* InfoPlist.strings */; };
		25514C6C13026D79002C5D1F /* main.m in Sources */ = {isa = PBXBuildFile; fileRef = 25514C6B13026D79002C5D1F /* main.m */; };
		25514C6F13026D79002C5D1F /* PerformanceTestingAppDelegate.m in Sources */ = {isa = PBXBuildFile; fileRef = 25514C6E13026D79002C5D1F /* PerformanceTestingAppDelegate.m */; };
		25514C7213026D79002C5D1F /* MainWindow.xib in Resources */ = {isa = PBXBuildFile; fileRef = 25514C7013026D79002C5D1F /* MainWindow.xib */; };
		25DB9F3F13058A9200F39A44 /* GradientBackgroundTable.m in Sources */ = {isa = PBXBuildFile; fileRef = 25DB9F2B13058A9200F39A44 /* GradientBackgroundTable.m */; };
		25DB9F4013058A9200F39A44 /* PageCell.m in Sources */ = {isa = PBXBuildFile; fileRef = 25DB9F2E13058A9200F39A44 /* PageCell.m */; };
		25DB9F4113058A9200F39A44 /* PageCellBackground.m in Sources */ = {isa = PBXBuildFile; fileRef = 25DB9F3013058A9200F39A44 /* PageCellBackground.m */; };
		25DB9F4213058A9200F39A44 /* PageViewController.m in Sources */ = {isa = PBXBuildFile; fileRef = 25DB9F3213058A9200F39A44 /* PageViewController.m */; };
		25DB9F4313058A9200F39A44 /* RoundRect.m in Sources */ = {isa = PBXBuildFile; fileRef = 25DB9F3513058A9200F39A44 /* RoundRect.m */; };
		25DB9F4413058A9200F39A44 /* clock.png in Resources */ = {isa = PBXBuildFile; fileRef = 25DB9F3713058A9200F39A44 /* clock.png */; };
		25DB9F4513058A9200F39A44 /* clock@2x.png in Resources */ = {isa = PBXBuildFile; fileRef = 25DB9F3813058A9200F39A44 /* clock@2x.png */; };
		25DB9F4613058A9200F39A44 /* database.png in Resources */ = {isa = PBXBuildFile; fileRef = 25DB9F3913058A9200F39A44 /* database.png */; };
		25DB9F4713058A9200F39A44 /* database@2x.png in Resources */ = {isa = PBXBuildFile; fileRef = 25DB9F3A13058A9200F39A44 /* database@2x.png */; };
		25DB9F4813058A9200F39A44 /* graph.png in Resources */ = {isa = PBXBuildFile; fileRef = 25DB9F3B13058A9200F39A44 /* graph.png */; };
		25DB9F4913058A9200F39A44 /* graph@2x.png in Resources */ = {isa = PBXBuildFile; fileRef = 25DB9F3C13058A9200F39A44 /* graph@2x.png */; };
		25DB9F4A13058A9200F39A44 /* preferences.png in Resources */ = {isa = PBXBuildFile; fileRef = 25DB9F3D13058A9200F39A44 /* preferences.png */; };
		25DB9F4B13058A9200F39A44 /* preferences@2x.png in Resources */ = {isa = PBXBuildFile; fileRef = 25DB9F3E13058A9200F39A44 /* preferences@2x.png */; };
		25DB9F4E130590EE00F39A44 /* MCTestsController.m in Sources */ = {isa = PBXBuildFile; fileRef = 25DB9F4D130590EE00F39A44 /* MCTestsController.m */; };
		25DB9F511305912B00F39A44 /* MCResultsController.m in Sources */ = {isa = PBXBuildFile; fileRef = 25DB9F501305912B00F39A44 /* MCResultsController.m */; };
		25DB9F541305914200F39A44 /* MCSettingsController.m in Sources */ = {isa = PBXBuildFile; fileRef = 25DB9F531305914200F39A44 /* MCSettingsController.m */; };
		25DB9F561305927100F39A44 /* AWSiOSSDK.framework in Frameworks */ = {isa = PBXBuildFile; fileRef = 25DB9F551305927100F39A44 /* AWSiOSSDK.framework */; };
		25DB9F5B1305947D00F39A44 /* image-20.jpg in Resources */ = {isa = PBXBuildFile; fileRef = 25DB9F581305947D00F39A44 /* image-20.jpg */; };
		25DB9F5C1305947D00F39A44 /* image-200.jpg in Resources */ = {isa = PBXBuildFile; fileRef = 25DB9F591305947D00F39A44 /* image-200.jpg */; };
		25DB9F5D1305947E00F39A44 /* image-2000.gif in Resources */ = {isa = PBXBuildFile; fileRef = 25DB9F5A1305947D00F39A44 /* image-2000.gif */; };
		25DB9F611305978400F39A44 /* LabelCell.m in Sources */ = {isa = PBXBuildFile; fileRef = 25DB9F601305978400F39A44 /* LabelCell.m */; };
		25E7536B130585AE0056F4F4 /* DebugLog.m in Sources */ = {isa = PBXBuildFile; fileRef = 25E7536A130585AE0056F4F4 /* DebugLog.m */; };
/* End PBXBuildFile section */

/* Begin PBXFileReference section */
		251F40001309167A005CB000 /* MCTestCell.xib */ = {isa = PBXFileReference; fileEncoding = 4; lastKnownFileType = file.xib; path = MCTestCell.xib; sourceTree = "<group>"; };
		251F400213091909005CB000 /* MCTestCell.h */ = {isa = PBXFileReference; fileEncoding = 4; lastKnownFileType = sourcecode.c.h; path = MCTestCell.h; sourceTree = "<group>"; };
		251F400313091909005CB000 /* MCTestCell.m */ = {isa = PBXFileReference; fileEncoding = 4; lastKnownFileType = sourcecode.c.objc; path = MCTestCell.m; sourceTree = "<group>"; };
		251F400513092EA4005CB000 /* arrow_circle_left.png */ = {isa = PBXFileReference; lastKnownFileType = image.png; path = arrow_circle_left.png; sourceTree = "<group>"; };
		251F400613092EA4005CB000 /* arrow_circle_left@2x.png */ = {isa = PBXFileReference; lastKnownFileType = image.png; path = "arrow_circle_left@2x.png"; sourceTree = "<group>"; };
		251F400B13093BF9005CB000 /* MCTestsView.xib */ = {isa = PBXFileReference; fileEncoding = 4; lastKnownFileType = file.xib; path = MCTestsView.xib; sourceTree = "<group>"; };
		251F401D1309535B005CB000 /* play.png */ = {isa = PBXFileReference; lastKnownFileType = image.png; path = play.png; sourceTree = "<group>"; };
		251F401E1309535B005CB000 /* play@2x.png */ = {isa = PBXFileReference; lastKnownFileType = image.png; path = "play@2x.png"; sourceTree = "<group>"; };
		251F40211309593A005CB000 /* MCTest.h */ = {isa = PBXFileReference; fileEncoding = 4; lastKnownFileType = sourcecode.c.h; path = MCTest.h; sourceTree = "<group>"; };
		251F40221309593C005CB000 /* MCTest.m */ = {isa = PBXFileReference; fileEncoding = 4; lastKnownFileType = sourcecode.c.objc; path = MCTest.m; sourceTree = "<group>"; };
		251F402413095969005CB000 /* MCTestDelegate.h */ = {isa = PBXFileReference; fileEncoding = 4; lastKnownFileType = sourcecode.c.h; path = MCTestDelegate.h; sourceTree = "<group>"; };
		251F4037130971F4005CB000 /* InAppSettingsPSChildPaneSpecifierCell.h */ = {isa = PBXFileReference; fileEncoding = 4; lastKnownFileType = sourcecode.c.h; path = InAppSettingsPSChildPaneSpecifierCell.h; sourceTree = "<group>"; };
		251F4038130971F4005CB000 /* InAppSettingsPSChildPaneSpecifierCell.m */ = {isa = PBXFileReference; fileEncoding = 4; lastKnownFileType = sourcecode.c.objc; path = InAppSettingsPSChildPaneSpecifierCell.m; sourceTree = "<group>"; };
		251F4039130971F4005CB000 /* InAppSettingsPSMultiValueSpecifierCell.h */ = {isa = PBXFileReference; fileEncoding = 4; lastKnownFileType = sourcecode.c.h; path = InAppSettingsPSMultiValueSpecifierCell.h; sourceTree = "<group>"; };
		251F403A130971F4005CB000 /* InAppSettingsPSMultiValueSpecifierCell.m */ = {isa = PBXFileReference; fileEncoding = 4; lastKnownFileType = sourcecode.c.objc; path = InAppSettingsPSMultiValueSpecifierCell.m; sourceTree = "<group>"; };
		251F403B130971F4005CB000 /* InAppSettingsPSSliderSpecifierCell.h */ = {isa = PBXFileReference; fileEncoding = 4; lastKnownFileType = sourcecode.c.h; path = InAppSettingsPSSliderSpecifierCell.h; sourceTree = "<group>"; };
		251F403C130971F4005CB000 /* InAppSettingsPSSliderSpecifierCell.m */ = {isa = PBXFileReference; fileEncoding = 4; lastKnownFileType = sourcecode.c.objc; path = InAppSettingsPSSliderSpecifierCell.m; sourceTree = "<group>"; };
		251F403D130971F4005CB000 /* InAppSettingsPSTextFieldSpecifierCell.h */ = {isa = PBXFileReference; fileEncoding = 4; lastKnownFileType = sourcecode.c.h; path = InAppSettingsPSTextFieldSpecifierCell.h; sourceTree = "<group>"; };
		251F403E130971F4005CB000 /* InAppSettingsPSTextFieldSpecifierCell.m */ = {isa = PBXFileReference; fileEncoding = 4; lastKnownFileType = sourcecode.c.objc; path = InAppSettingsPSTextFieldSpecifierCell.m; sourceTree = "<group>"; };
		251F403F130971F4005CB000 /* InAppSettingsPSTitleValueSpecifierCell.h */ = {isa = PBXFileReference; fileEncoding = 4; lastKnownFileType = sourcecode.c.h; path = InAppSettingsPSTitleValueSpecifierCell.h; sourceTree = "<group>"; };
		251F4040130971F4005CB000 /* InAppSettingsPSTitleValueSpecifierCell.m */ = {isa = PBXFileReference; fileEncoding = 4; lastKnownFileType = sourcecode.c.objc; path = InAppSettingsPSTitleValueSpecifierCell.m; sourceTree = "<group>"; };
		251F4041130971F4005CB000 /* InAppSettingsPSToggleSwitchSpecifierCell.h */ = {isa = PBXFileReference; fileEncoding = 4; lastKnownFileType = sourcecode.c.h; path = InAppSettingsPSToggleSwitchSpecifierCell.h; sourceTree = "<group>"; };
		251F4042130971F4005CB000 /* InAppSettingsPSToggleSwitchSpecifierCell.m */ = {isa = PBXFileReference; fileEncoding = 4; lastKnownFileType = sourcecode.c.objc; path = InAppSettingsPSToggleSwitchSpecifierCell.m; sourceTree = "<group>"; };
		251F4043130971F4005CB000 /* InAppSettingsTableCell.h */ = {isa = PBXFileReference; fileEncoding = 4; lastKnownFileType = sourcecode.c.h; path = InAppSettingsTableCell.h; sourceTree = "<group>"; };
		251F4044130971F4005CB000 /* InAppSettingsTableCell.m */ = {isa = PBXFileReference; fileEncoding = 4; lastKnownFileType = sourcecode.c.objc; path = InAppSettingsTableCell.m; sourceTree = "<group>"; };
		251F4045130971F4005CB000 /* InAppSettings.h */ = {isa = PBXFileReference; fileEncoding = 4; lastKnownFileType = sourcecode.c.h; path = InAppSettings.h; sourceTree = "<group>"; };
		251F4046130971F4005CB000 /* InAppSettings.m */ = {isa = PBXFileReference; fileEncoding = 4; lastKnownFileType = sourcecode.c.objc; path = InAppSettings.m; sourceTree = "<group>"; };
		251F4047130971F4005CB000 /* InAppSettings.png */ = {isa = PBXFileReference; lastKnownFileType = image.png; path = InAppSettings.png; sourceTree = "<group>"; };
		251F4048130971F4005CB000 /* InAppSettings@2x.png */ = {isa = PBXFileReference; lastKnownFileType = image.png; path = "InAppSettings@2x.png"; sourceTree = "<group>"; };
		251F4049130971F4005CB000 /* InAppSettingsConstants.h */ = {isa = PBXFileReference; fileEncoding = 4; lastKnownFileType = sourcecode.c.h; path = InAppSettingsConstants.h; sourceTree = "<group>"; };
		251F404A130971F4005CB000 /* InAppSettingsPSMultiValueSpecifierTable.h */ = {isa = PBXFileReference; fileEncoding = 4; lastKnownFileType = sourcecode.c.h; path = InAppSettingsPSMultiValueSpecifierTable.h; sourceTree = "<group>"; };
		251F404B130971F4005CB000 /* InAppSettingsPSMultiValueSpecifierTable.m */ = {isa = PBXFileReference; fileEncoding = 4; lastKnownFileType = sourcecode.c.objc; path = InAppSettingsPSMultiValueSpecifierTable.m; sourceTree = "<group>"; };
		251F404C130971F4005CB000 /* InAppSettingsReader.h */ = {isa = PBXFileReference; fileEncoding = 4; lastKnownFileType = sourcecode.c.h; path = InAppSettingsReader.h; sourceTree = "<group>"; };
		251F404D130971F4005CB000 /* InAppSettingsReader.m */ = {isa = PBXFileReference; fileEncoding = 4; lastKnownFileType = sourcecode.c.objc; path = InAppSettingsReader.m; sourceTree = "<group>"; };
		251F404E130971F4005CB000 /* InAppSettingsSpecifier.h */ = {isa = PBXFileReference; fileEncoding = 4; lastKnownFileType = sourcecode.c.h; path = InAppSettingsSpecifier.h; sourceTree = "<group>"; };
		251F404F130971F4005CB000 /* InAppSettingsSpecifier.m */ = {isa = PBXFileReference; fileEncoding = 4; lastKnownFileType = sourcecode.c.objc; path = InAppSettingsSpecifier.m; sourceTree = "<group>"; };
		251F405D13097616005CB000 /* Settings.bundle */ = {isa = PBXFileReference; lastKnownFileType = "wrapper.plug-in"; path = Settings.bundle; sourceTree = SOURCE_ROOT; };
		2541C37E1309070900CF6B68 /* JSON.h */ = {isa = PBXFileReference; fileEncoding = 4; lastKnownFileType = sourcecode.c.h; path = JSON.h; sourceTree = "<group>"; };
		2541C37F1309070900CF6B68 /* NSObject+JSON.h */ = {isa = PBXFileReference; fileEncoding = 4; lastKnownFileType = sourcecode.c.h; path = "NSObject+JSON.h"; sourceTree = "<group>"; };
		2541C3801309070900CF6B68 /* NSObject+JSON.m */ = {isa = PBXFileReference; fileEncoding = 4; lastKnownFileType = sourcecode.c.objc; path = "NSObject+JSON.m"; sourceTree = "<group>"; };
		2541C3811309070900CF6B68 /* SBJsonParser.h */ = {isa = PBXFileReference; fileEncoding = 4; lastKnownFileType = sourcecode.c.h; path = SBJsonParser.h; sourceTree = "<group>"; };
		2541C3821309070900CF6B68 /* SBJsonParser.m */ = {isa = PBXFileReference; fileEncoding = 4; lastKnownFileType = sourcecode.c.objc; path = SBJsonParser.m; sourceTree = "<group>"; };
		2541C3831309070900CF6B68 /* SBJsonStreamParser.h */ = {isa = PBXFileReference; fileEncoding = 4; lastKnownFileType = sourcecode.c.h; path = SBJsonStreamParser.h; sourceTree = "<group>"; };
		2541C3841309070900CF6B68 /* SBJsonStreamParser.m */ = {isa = PBXFileReference; fileEncoding = 4; lastKnownFileType = sourcecode.c.objc; path = SBJsonStreamParser.m; sourceTree = "<group>"; };
		2541C3851309070900CF6B68 /* SBJsonStreamParserAdapter.h */ = {isa = PBXFileReference; fileEncoding = 4; lastKnownFileType = sourcecode.c.h; path = SBJsonStreamParserAdapter.h; sourceTree = "<group>"; };
		2541C3861309070900CF6B68 /* SBJsonStreamParserAdapter.m */ = {isa = PBXFileReference; fileEncoding = 4; lastKnownFileType = sourcecode.c.objc; path = SBJsonStreamParserAdapter.m; sourceTree = "<group>"; };
		2541C3871309070900CF6B68 /* SBJsonStreamParserState.h */ = {isa = PBXFileReference; fileEncoding = 4; lastKnownFileType = sourcecode.c.h; path = SBJsonStreamParserState.h; sourceTree = "<group>"; };
		2541C3881309070900CF6B68 /* SBJsonStreamParserState.m */ = {isa = PBXFileReference; fileEncoding = 4; lastKnownFileType = sourcecode.c.objc; path = SBJsonStreamParserState.m; sourceTree = "<group>"; };
		2541C3891309070900CF6B68 /* SBJsonStreamWriter.h */ = {isa = PBXFileReference; fileEncoding = 4; lastKnownFileType = sourcecode.c.h; path = SBJsonStreamWriter.h; sourceTree = "<group>"; };
		2541C38A1309070900CF6B68 /* SBJsonStreamWriter.m */ = {isa = PBXFileReference; fileEncoding = 4; lastKnownFileType = sourcecode.c.objc; path = SBJsonStreamWriter.m; sourceTree = "<group>"; };
		2541C38B1309070900CF6B68 /* SBJsonStreamWriterState.h */ = {isa = PBXFileReference; fileEncoding = 4; lastKnownFileType = sourcecode.c.h; path = SBJsonStreamWriterState.h; sourceTree = "<group>"; };
		2541C38C1309070900CF6B68 /* SBJsonStreamWriterState.m */ = {isa = PBXFileReference; fileEncoding = 4; lastKnownFileType = sourcecode.c.objc; path = SBJsonStreamWriterState.m; sourceTree = "<group>"; };
		2541C38D1309070900CF6B68 /* SBJsonTokeniser.h */ = {isa = PBXFileReference; fileEncoding = 4; lastKnownFileType = sourcecode.c.h; path = SBJsonTokeniser.h; sourceTree = "<group>"; };
		2541C38E1309070900CF6B68 /* SBJsonTokeniser.m */ = {isa = PBXFileReference; fileEncoding = 4; lastKnownFileType = sourcecode.c.objc; path = SBJsonTokeniser.m; sourceTree = "<group>"; };
		2541C38F1309070900CF6B68 /* SBJsonWriter.h */ = {isa = PBXFileReference; fileEncoding = 4; lastKnownFileType = sourcecode.c.h; path = SBJsonWriter.h; sourceTree = "<group>"; };
		2541C3901309070900CF6B68 /* SBJsonWriter.m */ = {isa = PBXFileReference; fileEncoding = 4; lastKnownFileType = sourcecode.c.objc; path = SBJsonWriter.m; sourceTree = "<group>"; };
		25514C5A13026D79002C5D1F /* PerformanceTesting.app */ = {isa = PBXFileReference; explicitFileType = wrapper.application; includeInIndex = 0; path = PerformanceTesting.app; sourceTree = BUILT_PRODUCTS_DIR; };
		25514C5E13026D79002C5D1F /* UIKit.framework */ = {isa = PBXFileReference; lastKnownFileType = wrapper.framework; name = UIKit.framework; path = System/Library/Frameworks/UIKit.framework; sourceTree = SDKROOT; };
		25514C6013026D79002C5D1F /* Foundation.framework */ = {isa = PBXFileReference; lastKnownFileType = wrapper.framework; name = Foundation.framework; path = System/Library/Frameworks/Foundation.framework; sourceTree = SDKROOT; };
		25514C6213026D79002C5D1F /* CoreGraphics.framework */ = {isa = PBXFileReference; lastKnownFileType = wrapper.framework; name = CoreGraphics.framework; path = System/Library/Frameworks/CoreGraphics.framework; sourceTree = SDKROOT; };
		25514C6613026D79002C5D1F /* PerformanceTesting-Info.plist */ = {isa = PBXFileReference; lastKnownFileType = text.plist.xml; path = "PerformanceTesting-Info.plist"; sourceTree = "<group>"; };
		25514C6813026D79002C5D1F /* en */ = {isa = PBXFileReference; lastKnownFileType = text.plist.strings; name = en; path = en.lproj/InfoPlist.strings; sourceTree = "<group>"; };
		25514C6A13026D79002C5D1F /* PerformanceTesting-Prefix.pch */ = {isa = PBXFileReference; lastKnownFileType = sourcecode.c.h; path = "PerformanceTesting-Prefix.pch"; sourceTree = "<group>"; };
		25514C6B13026D79002C5D1F /* main.m */ = {isa = PBXFileReference; lastKnownFileType = sourcecode.c.objc; path = main.m; sourceTree = "<group>"; };
		25514C6D13026D79002C5D1F /* PerformanceTestingAppDelegate.h */ = {isa = PBXFileReference; lastKnownFileType = sourcecode.c.h; path = PerformanceTestingAppDelegate.h; sourceTree = "<group>"; };
		25514C6E13026D79002C5D1F /* PerformanceTestingAppDelegate.m */ = {isa = PBXFileReference; lastKnownFileType = sourcecode.c.objc; path = PerformanceTestingAppDelegate.m; sourceTree = "<group>"; };
		25514C7113026D79002C5D1F /* en */ = {isa = PBXFileReference; lastKnownFileType = file.xib; name = en; path = en.lproj/MainWindow.xib; sourceTree = "<group>"; };
		25DB9F2A13058A9200F39A44 /* GradientBackgroundTable.h */ = {isa = PBXFileReference; fileEncoding = 4; lastKnownFileType = sourcecode.c.h; path = GradientBackgroundTable.h; sourceTree = "<group>"; };
		25DB9F2B13058A9200F39A44 /* GradientBackgroundTable.m */ = {isa = PBXFileReference; fileEncoding = 4; lastKnownFileType = sourcecode.c.objc; path = GradientBackgroundTable.m; sourceTree = "<group>"; };
		25DB9F2D13058A9200F39A44 /* PageCell.h */ = {isa = PBXFileReference; fileEncoding = 4; lastKnownFileType = sourcecode.c.h; path = PageCell.h; sourceTree = "<group>"; };
		25DB9F2E13058A9200F39A44 /* PageCell.m */ = {isa = PBXFileReference; fileEncoding = 4; lastKnownFileType = sourcecode.c.objc; path = PageCell.m; sourceTree = "<group>"; };
		25DB9F2F13058A9200F39A44 /* PageCellBackground.h */ = {isa = PBXFileReference; fileEncoding = 4; lastKnownFileType = sourcecode.c.h; path = PageCellBackground.h; sourceTree = "<group>"; };
		25DB9F3013058A9200F39A44 /* PageCellBackground.m */ = {isa = PBXFileReference; fileEncoding = 4; lastKnownFileType = sourcecode.c.objc; path = PageCellBackground.m; sourceTree = "<group>"; };
		25DB9F3113058A9200F39A44 /* PageViewController.h */ = {isa = PBXFileReference; fileEncoding = 4; lastKnownFileType = sourcecode.c.h; path = PageViewController.h; sourceTree = "<group>"; };
		25DB9F3213058A9200F39A44 /* PageViewController.m */ = {isa = PBXFileReference; fileEncoding = 4; lastKnownFileType = sourcecode.c.objc; path = PageViewController.m; sourceTree = "<group>"; };
		25DB9F3413058A9200F39A44 /* RoundRect.h */ = {isa = PBXFileReference; fileEncoding = 4; lastKnownFileType = sourcecode.c.h; path = RoundRect.h; sourceTree = "<group>"; };
		25DB9F3513058A9200F39A44 /* RoundRect.m */ = {isa = PBXFileReference; fileEncoding = 4; lastKnownFileType = sourcecode.c.objc; path = RoundRect.m; sourceTree = "<group>"; };
		25DB9F3713058A9200F39A44 /* clock.png */ = {isa = PBXFileReference; lastKnownFileType = image.png; path = clock.png; sourceTree = "<group>"; };
		25DB9F3813058A9200F39A44 /* clock@2x.png */ = {isa = PBXFileReference; lastKnownFileType = image.png; path = "clock@2x.png"; sourceTree = "<group>"; };
		25DB9F3913058A9200F39A44 /* database.png */ = {isa = PBXFileReference; lastKnownFileType = image.png; path = database.png; sourceTree = "<group>"; };
		25DB9F3A13058A9200F39A44 /* database@2x.png */ = {isa = PBXFileReference; lastKnownFileType = image.png; path = "database@2x.png"; sourceTree = "<group>"; };
		25DB9F3B13058A9200F39A44 /* graph.png */ = {isa = PBXFileReference; lastKnownFileType = image.png; path = graph.png; sourceTree = "<group>"; };
		25DB9F3C13058A9200F39A44 /* graph@2x.png */ = {isa = PBXFileReference; lastKnownFileType = image.png; path = "graph@2x.png"; sourceTree = "<group>"; };
		25DB9F3D13058A9200F39A44 /* preferences.png */ = {isa = PBXFileReference; lastKnownFileType = image.png; path = preferences.png; sourceTree = "<group>"; };
		25DB9F3E13058A9200F39A44 /* preferences@2x.png */ = {isa = PBXFileReference; lastKnownFileType = image.png; path = "preferences@2x.png"; sourceTree = "<group>"; };
		25DB9F4C130590EE00F39A44 /* MCTestsController.h */ = {isa = PBXFileReference; fileEncoding = 4; lastKnownFileType = sourcecode.c.h; path = MCTestsController.h; sourceTree = "<group>"; };
		25DB9F4D130590EE00F39A44 /* MCTestsController.m */ = {isa = PBXFileReference; fileEncoding = 4; lastKnownFileType = sourcecode.c.objc; path = MCTestsController.m; sourceTree = "<group>"; };
		25DB9F4F1305912B00F39A44 /* MCResultsController.h */ = {isa = PBXFileReference; fileEncoding = 4; lastKnownFileType = sourcecode.c.h; path = MCResultsController.h; sourceTree = "<group>"; };
		25DB9F501305912B00F39A44 /* MCResultsController.m */ = {isa = PBXFileReference; fileEncoding = 4; lastKnownFileType = sourcecode.c.objc; path = MCResultsController.m; sourceTree = "<group>"; };
		25DB9F521305914100F39A44 /* MCSettingsController.h */ = {isa = PBXFileReference; fileEncoding = 4; lastKnownFileType = sourcecode.c.h; path = MCSettingsController.h; sourceTree = "<group>"; };
		25DB9F531305914200F39A44 /* MCSettingsController.m */ = {isa = PBXFileReference; fileEncoding = 4; lastKnownFileType = sourcecode.c.objc; path = MCSettingsController.m; sourceTree = "<group>"; };
		25DB9F551305927100F39A44 /* AWSiOSSDK.framework */ = {isa = PBXFileReference; lastKnownFileType = wrapper.framework; path = AWSiOSSDK.framework; sourceTree = "<group>"; };
		25DB9F581305947D00F39A44 /* image-20.jpg */ = {isa = PBXFileReference; lastKnownFileType = image.jpeg; path = "image-20.jpg"; sourceTree = "<group>"; };
		25DB9F591305947D00F39A44 /* image-200.jpg */ = {isa = PBXFileReference; lastKnownFileType = image.jpeg; path = "image-200.jpg"; sourceTree = "<group>"; };
		25DB9F5A1305947D00F39A44 /* image-2000.gif */ = {isa = PBXFileReference; lastKnownFileType = image.gif; path = "image-2000.gif"; sourceTree = "<group>"; };
		25DB9F5F1305978400F39A44 /* LabelCell.h */ = {isa = PBXFileReference; fileEncoding = 4; lastKnownFileType = sourcecode.c.h; path = LabelCell.h; sourceTree = "<group>"; };
		25DB9F601305978400F39A44 /* LabelCell.m */ = {isa = PBXFileReference; fileEncoding = 4; lastKnownFileType = sourcecode.c.objc; path = LabelCell.m; sourceTree = "<group>"; };
		25E7536A130585AE0056F4F4 /* DebugLog.m */ = {isa = PBXFileReference; fileEncoding = 4; lastKnownFileType = sourcecode.c.objc; path = DebugLog.m; sourceTree = "<group>"; };
/* End PBXFileReference section */

/* Begin PBXFrameworksBuildPhase section */
		25514C5713026D79002C5D1F /* Frameworks */ = {
			isa = PBXFrameworksBuildPhase;
			buildActionMask = 2147483647;
			files = (
				25DB9F561305927100F39A44 /* AWSiOSSDK.framework in Frameworks */,
				25514C5F13026D79002C5D1F /* UIKit.framework in Frameworks */,
				25514C6113026D79002C5D1F /* Foundation.framework in Frameworks */,
				25514C6313026D79002C5D1F /* CoreGraphics.framework in Frameworks */,
			);
			runOnlyForDeploymentPostprocessing = 0;
		};
/* End PBXFrameworksBuildPhase section */

/* Begin PBXGroup section */
		251F4035130971F3005CB000 /* InAppSettings */ = {
			isa = PBXGroup;
			children = (
				251F4036130971F4005CB000 /* Cells */,
				251F4045130971F4005CB000 /* InAppSettings.h */,
				251F4046130971F4005CB000 /* InAppSettings.m */,
				251F4047130971F4005CB000 /* InAppSettings.png */,
				251F4048130971F4005CB000 /* InAppSettings@2x.png */,
				251F4049130971F4005CB000 /* InAppSettingsConstants.h */,
				251F404A130971F4005CB000 /* InAppSettingsPSMultiValueSpecifierTable.h */,
				251F404B130971F4005CB000 /* InAppSettingsPSMultiValueSpecifierTable.m */,
				251F404C130971F4005CB000 /* InAppSettingsReader.h */,
				251F404D130971F4005CB000 /* InAppSettingsReader.m */,
				251F404E130971F4005CB000 /* InAppSettingsSpecifier.h */,
				251F404F130971F4005CB000 /* InAppSettingsSpecifier.m */,
			);
			path = InAppSettings;
			sourceTree = "<group>";
		};
		251F4036130971F4005CB000 /* Cells */ = {
			isa = PBXGroup;
			children = (
				251F4037130971F4005CB000 /* InAppSettingsPSChildPaneSpecifierCell.h */,
				251F4038130971F4005CB000 /* InAppSettingsPSChildPaneSpecifierCell.m */,
				251F4039130971F4005CB000 /* InAppSettingsPSMultiValueSpecifierCell.h */,
				251F403A130971F4005CB000 /* InAppSettingsPSMultiValueSpecifierCell.m */,
				251F403B130971F4005CB000 /* InAppSettingsPSSliderSpecifierCell.h */,
				251F403C130971F4005CB000 /* InAppSettingsPSSliderSpecifierCell.m */,
				251F403D130971F4005CB000 /* InAppSettingsPSTextFieldSpecifierCell.h */,
				251F403E130971F4005CB000 /* InAppSettingsPSTextFieldSpecifierCell.m */,
				251F403F130971F4005CB000 /* InAppSettingsPSTitleValueSpecifierCell.h */,
				251F4040130971F4005CB000 /* InAppSettingsPSTitleValueSpecifierCell.m */,
				251F4041130971F4005CB000 /* InAppSettingsPSToggleSwitchSpecifierCell.h */,
				251F4042130971F4005CB000 /* InAppSettingsPSToggleSwitchSpecifierCell.m */,
				251F4043130971F4005CB000 /* InAppSettingsTableCell.h */,
				251F4044130971F4005CB000 /* InAppSettingsTableCell.m */,
			);
			path = Cells;
			sourceTree = "<group>";
		};
		2541C37D1309070900CF6B68 /* JSON */ = {
			isa = PBXGroup;
			children = (
				2541C37E1309070900CF6B68 /* JSON.h */,
				2541C37F1309070900CF6B68 /* NSObject+JSON.h */,
				2541C3801309070900CF6B68 /* NSObject+JSON.m */,
				2541C3811309070900CF6B68 /* SBJsonParser.h */,
				2541C3821309070900CF6B68 /* SBJsonParser.m */,
				2541C3831309070900CF6B68 /* SBJsonStreamParser.h */,
				2541C3841309070900CF6B68 /* SBJsonStreamParser.m */,
				2541C3851309070900CF6B68 /* SBJsonStreamParserAdapter.h */,
				2541C3861309070900CF6B68 /* SBJsonStreamParserAdapter.m */,
				2541C3871309070900CF6B68 /* SBJsonStreamParserState.h */,
				2541C3881309070900CF6B68 /* SBJsonStreamParserState.m */,
				2541C3891309070900CF6B68 /* SBJsonStreamWriter.h */,
				2541C38A1309070900CF6B68 /* SBJsonStreamWriter.m */,
				2541C38B1309070900CF6B68 /* SBJsonStreamWriterState.h */,
				2541C38C1309070900CF6B68 /* SBJsonStreamWriterState.m */,
				2541C38D1309070900CF6B68 /* SBJsonTokeniser.h */,
				2541C38E1309070900CF6B68 /* SBJsonTokeniser.m */,
				2541C38F1309070900CF6B68 /* SBJsonWriter.h */,
				2541C3901309070900CF6B68 /* SBJsonWriter.m */,
			);
			path = JSON;
			sourceTree = "<group>";
		};
		25514C4F13026D79002C5D1F = {
			isa = PBXGroup;
			children = (
				25DB9F2713058A9200F39A44 /* External */,
				25DB9F3613058A9200F39A44 /* Images */,
				25514C6413026D79002C5D1F /* PerformanceTesting */,
				25514C5D13026D79002C5D1F /* Frameworks */,
				25514C5B13026D79002C5D1F /* Products */,
			);
			sourceTree = "<group>";
		};
		25514C5B13026D79002C5D1F /* Products */ = {
			isa = PBXGroup;
			children = (
				25514C5A13026D79002C5D1F /* PerformanceTesting.app */,
			);
			name = Products;
			sourceTree = "<group>";
		};
		25514C5D13026D79002C5D1F /* Frameworks */ = {
			isa = PBXGroup;
			children = (
				25514C5E13026D79002C5D1F /* UIKit.framework */,
				25514C6013026D79002C5D1F /* Foundation.framework */,
				25514C6213026D79002C5D1F /* CoreGraphics.framework */,
			);
			name = Frameworks;
			sourceTree = "<group>";
		};
		25514C6413026D79002C5D1F /* PerformanceTesting */ = {
			isa = PBXGroup;
			children = (
				25514C6D13026D79002C5D1F /* PerformanceTestingAppDelegate.h */,
				25514C6E13026D79002C5D1F /* PerformanceTestingAppDelegate.m */,
				25514C7013026D79002C5D1F /* MainWindow.xib */,
				25DB9F4C130590EE00F39A44 /* MCTestsController.h */,
				25DB9F4D130590EE00F39A44 /* MCTestsController.m */,
				25DB9F4F1305912B00F39A44 /* MCResultsController.h */,
				25DB9F501305912B00F39A44 /* MCResultsController.m */,
				25DB9F521305914100F39A44 /* MCSettingsController.h */,
				25DB9F531305914200F39A44 /* MCSettingsController.m */,
				25514C6513026D79002C5D1F /* Supporting Files */,
				251F40001309167A005CB000 /* MCTestCell.xib */,
				251F400213091909005CB000 /* MCTestCell.h */,
				251F400313091909005CB000 /* MCTestCell.m */,
				251F400B13093BF9005CB000 /* MCTestsView.xib */,
				251F40211309593A005CB000 /* MCTest.h */,
				251F40221309593C005CB000 /* MCTest.m */,
				251F402413095969005CB000 /* MCTestDelegate.h */,
			);
			path = PerformanceTesting;
			sourceTree = "<group>";
		};
		25514C6513026D79002C5D1F /* Supporting Files */ = {
			isa = PBXGroup;
			children = (
				251F405D13097616005CB000 /* Settings.bundle */,
				25E7536A130585AE0056F4F4 /* DebugLog.m */,
				25514C6613026D79002C5D1F /* PerformanceTesting-Info.plist */,
				25514C6713026D79002C5D1F /* InfoPlist.strings */,
				25514C6A13026D79002C5D1F /* PerformanceTesting-Prefix.pch */,
				25514C6B13026D79002C5D1F /* main.m */,
			);
			name = "Supporting Files";
			sourceTree = "<group>";
		};
		25DB9F2713058A9200F39A44 /* External */ = {
			isa = PBXGroup;
			children = (
				251F4035130971F3005CB000 /* InAppSettings */,
				2541C37D1309070900CF6B68 /* JSON */,
				25DB9F551305927100F39A44 /* AWSiOSSDK.framework */,
				25DB9F2813058A9200F39A44 /* CocoaWithLove */,
			);
			path = External;
			sourceTree = "<group>";
		};
		25DB9F2813058A9200F39A44 /* CocoaWithLove */ = {
			isa = PBXGroup;
			children = (
				25DB9F5E1305978400F39A44 /* CustomCells */,
				25DB9F2913058A9200F39A44 /* CustomViews */,
				25DB9F2C13058A9200F39A44 /* PageViewHierarchy */,
				25DB9F3313058A9200F39A44 /* Utility */,
			);
			path = CocoaWithLove;
			sourceTree = "<group>";
		};
		25DB9F2913058A9200F39A44 /* CustomViews */ = {
			isa = PBXGroup;
			children = (
				25DB9F2A13058A9200F39A44 /* GradientBackgroundTable.h */,
				25DB9F2B13058A9200F39A44 /* GradientBackgroundTable.m */,
			);
			path = CustomViews;
			sourceTree = "<group>";
		};
		25DB9F2C13058A9200F39A44 /* PageViewHierarchy */ = {
			isa = PBXGroup;
			children = (
				25DB9F2D13058A9200F39A44 /* PageCell.h */,
				25DB9F2E13058A9200F39A44 /* PageCell.m */,
				25DB9F2F13058A9200F39A44 /* PageCellBackground.h */,
				25DB9F3013058A9200F39A44 /* PageCellBackground.m */,
				25DB9F3113058A9200F39A44 /* PageViewController.h */,
				25DB9F3213058A9200F39A44 /* PageViewController.m */,
			);
			path = PageViewHierarchy;
			sourceTree = "<group>";
		};
		25DB9F3313058A9200F39A44 /* Utility */ = {
			isa = PBXGroup;
			children = (
				25DB9F3413058A9200F39A44 /* RoundRect.h */,
				25DB9F3513058A9200F39A44 /* RoundRect.m */,
			);
			path = Utility;
			sourceTree = "<group>";
		};
		25DB9F3613058A9200F39A44 /* Images */ = {
			isa = PBXGroup;
			children = (
				251F401D1309535B005CB000 /* play.png */,
				251F401E1309535B005CB000 /* play@2x.png */,
				251F400513092EA4005CB000 /* arrow_circle_left.png */,
				251F400613092EA4005CB000 /* arrow_circle_left@2x.png */,
				25DB9F571305947D00F39A44 /* TestData */,
				25DB9F3713058A9200F39A44 /* clock.png */,
				25DB9F3813058A9200F39A44 /* clock@2x.png */,
				25DB9F3913058A9200F39A44 /* database.png */,
				25DB9F3A13058A9200F39A44 /* database@2x.png */,
				25DB9F3B13058A9200F39A44 /* graph.png */,
				25DB9F3C13058A9200F39A44 /* graph@2x.png */,
				25DB9F3D13058A9200F39A44 /* preferences.png */,
				25DB9F3E13058A9200F39A44 /* preferences@2x.png */,
			);
			path = Images;
			sourceTree = "<group>";
		};
		25DB9F571305947D00F39A44 /* TestData */ = {
			isa = PBXGroup;
			children = (
				25DB9F581305947D00F39A44 /* image-20.jpg */,
				25DB9F591305947D00F39A44 /* image-200.jpg */,
				25DB9F5A1305947D00F39A44 /* image-2000.gif */,
			);
			path = TestData;
			sourceTree = "<group>";
		};
		25DB9F5E1305978400F39A44 /* CustomCells */ = {
			isa = PBXGroup;
			children = (
				25DB9F5F1305978400F39A44 /* LabelCell.h */,
				25DB9F601305978400F39A44 /* LabelCell.m */,
			);
			path = CustomCells;
			sourceTree = "<group>";
		};
/* End PBXGroup section */

/* Begin PBXNativeTarget section */
		25514C5913026D79002C5D1F /* PerformanceTesting */ = {
			isa = PBXNativeTarget;
			buildConfigurationList = 25514C7513026D79002C5D1F /* Build configuration list for PBXNativeTarget "PerformanceTesting" */;
			buildPhases = (
				25514C5613026D79002C5D1F /* Sources */,
				25514C5713026D79002C5D1F /* Frameworks */,
				25514C5813026D79002C5D1F /* Resources */,
			);
			buildRules = (
			);
			dependencies = (
			);
			name = PerformanceTesting;
			productName = PerformanceTesting;
			productReference = 25514C5A13026D79002C5D1F /* PerformanceTesting.app */;
			productType = "com.apple.product-type.application";
		};
/* End PBXNativeTarget section */

/* Begin PBXProject section */
		25514C5113026D79002C5D1F /* Project object */ = {
			isa = PBXProject;
			attributes = {
				ORGANIZATIONNAME = "Indilo Wireless";
			};
			buildConfigurationList = 25514C5413026D79002C5D1F /* Build configuration list for PBXProject "PerformanceTesting" */;
			compatibilityVersion = "Xcode 3.2";
			developmentRegion = English;
			hasScannedForEncodings = 0;
			knownRegions = (
				en,
			);
			mainGroup = 25514C4F13026D79002C5D1F;
			productRefGroup = 25514C5B13026D79002C5D1F /* Products */;
			projectDirPath = "";
			projectRoot = "";
			targets = (
				25514C5913026D79002C5D1F /* PerformanceTesting */,
			);
		};
/* End PBXProject section */

/* Begin PBXResourcesBuildPhase section */
		25514C5813026D79002C5D1F /* Resources */ = {
			isa = PBXResourcesBuildPhase;
			buildActionMask = 2147483647;
			files = (
				25514C6913026D79002C5D1F /* InfoPlist.strings in Resources */,
				25514C7213026D79002C5D1F /* MainWindow.xib in Resources */,
				25DB9F4413058A9200F39A44 /* clock.png in Resources */,
				25DB9F4513058A9200F39A44 /* clock@2x.png in Resources */,
				25DB9F4613058A9200F39A44 /* database.png in Resources */,
				25DB9F4713058A9200F39A44 /* database@2x.png in Resources */,
				25DB9F4813058A9200F39A44 /* graph.png in Resources */,
				25DB9F4913058A9200F39A44 /* graph@2x.png in Resources */,
				25DB9F4A13058A9200F39A44 /* preferences.png in Resources */,
				25DB9F4B13058A9200F39A44 /* preferences@2x.png in Resources */,
				25DB9F5B1305947D00F39A44 /* image-20.jpg in Resources */,
				25DB9F5C1305947D00F39A44 /* image-200.jpg in Resources */,
				25DB9F5D1305947E00F39A44 /* image-2000.gif in Resources */,
				251F40011309167A005CB000 /* MCTestCell.xib in Resources */,
				251F400713092EA4005CB000 /* arrow_circle_left.png in Resources */,
				251F400813092EA4005CB000 /* arrow_circle_left@2x.png in Resources */,
				251F400C13093BFA005CB000 /* MCTestsView.xib in Resources */,
				251F401F1309535B005CB000 /* play.png in Resources */,
				251F40201309535B005CB000 /* play@2x.png in Resources */,
				251F4058130971F4005CB000 /* InAppSettings.png in Resources */,
				251F4059130971F4005CB000 /* InAppSettings@2x.png in Resources */,
				251F405E13097616005CB000 /* Settings.bundle in Resources */,
			);
			runOnlyForDeploymentPostprocessing = 0;
		};
/* End PBXResourcesBuildPhase section */

/* Begin PBXSourcesBuildPhase section */
		25514C5613026D79002C5D1F /* Sources */ = {
			isa = PBXSourcesBuildPhase;
			buildActionMask = 2147483647;
			files = (
				25514C6C13026D79002C5D1F /* main.m in Sources */,
				25514C6F13026D79002C5D1F /* PerformanceTestingAppDelegate.m in Sources */,
				25E7536B130585AE0056F4F4 /* DebugLog.m in Sources */,
				25DB9F3F13058A9200F39A44 /* GradientBackgroundTable.m in Sources */,
				25DB9F4013058A9200F39A44 /* PageCell.m in Sources */,
				25DB9F4113058A9200F39A44 /* PageCellBackground.m in Sources */,
				25DB9F4213058A9200F39A44 /* PageViewController.m in Sources */,
				25DB9F4313058A9200F39A44 /* RoundRect.m in Sources */,
				25DB9F4E130590EE00F39A44 /* MCTestsController.m in Sources */,
				25DB9F511305912B00F39A44 /* MCResultsController.m in Sources */,
				25DB9F541305914200F39A44 /* MCSettingsController.m in Sources */,
				25DB9F611305978400F39A44 /* LabelCell.m in Sources */,
				2541C3911309070900CF6B68 /* NSObject+JSON.m in Sources */,
				2541C3921309070900CF6B68 /* SBJsonParser.m in Sources */,
				2541C3931309070900CF6B68 /* SBJsonStreamParser.m in Sources */,
				2541C3941309070900CF6B68 /* SBJsonStreamParserAdapter.m in Sources */,
				2541C3951309070900CF6B68 /* SBJsonStreamParserState.m in Sources */,
				2541C3961309070900CF6B68 /* SBJsonStreamWriter.m in Sources */,
				2541C3971309070900CF6B68 /* SBJsonStreamWriterState.m in Sources */,
				2541C3981309070900CF6B68 /* SBJsonTokeniser.m in Sources */,
				2541C3991309070900CF6B68 /* SBJsonWriter.m in Sources */,
				251F40041309190A005CB000 /* MCTestCell.m in Sources */,
				251F402313095940005CB000 /* MCTest.m in Sources */,
				251F4050130971F4005CB000 /* InAppSettingsPSChildPaneSpecifierCell.m in Sources */,
				251F4051130971F4005CB000 /* InAppSettingsPSMultiValueSpecifierCell.m in Sources */,
				251F4052130971F4005CB000 /* InAppSettingsPSSliderSpecifierCell.m in Sources */,
				251F4053130971F4005CB000 /* InAppSettingsPSTextFieldSpecifierCell.m in Sources */,
				251F4054130971F4005CB000 /* InAppSettingsPSTitleValueSpecifierCell.m in Sources */,
				251F4055130971F4005CB000 /* InAppSettingsPSToggleSwitchSpecifierCell.m in Sources */,
				251F4056130971F4005CB000 /* InAppSettingsTableCell.m in Sources */,
				251F4057130971F4005CB000 /* InAppSettings.m in Sources */,
				251F405A130971F4005CB000 /* InAppSettingsPSMultiValueSpecifierTable.m in Sources */,
				251F405B130971F4005CB000 /* InAppSettingsReader.m in Sources */,
				251F405C130971F4005CB000 /* InAppSettingsSpecifier.m in Sources */,
			);
			runOnlyForDeploymentPostprocessing = 0;
		};
/* End PBXSourcesBuildPhase section */

/* Begin PBXVariantGroup section */
		25514C6713026D79002C5D1F /* InfoPlist.strings */ = {
			isa = PBXVariantGroup;
			children = (
				25514C6813026D79002C5D1F /* en */,
			);
			name = InfoPlist.strings;
			sourceTree = "<group>";
		};
		25514C7013026D79002C5D1F /* MainWindow.xib */ = {
			isa = PBXVariantGroup;
			children = (
				25514C7113026D79002C5D1F /* en */,
			);
			name = MainWindow.xib;
			sourceTree = "<group>";
		};
/* End PBXVariantGroup section */

/* Begin XCBuildConfiguration section */
		25514C7313026D79002C5D1F /* Debug */ = {
			isa = XCBuildConfiguration;
			buildSettings = {
				ARCHS = "$(ARCHS_STANDARD_32_BIT)";
				"CODE_SIGN_IDENTITY[sdk=iphoneos*]" = "iPhone Developer";
				GCC_C_LANGUAGE_STANDARD = gnu99;
				GCC_OPTIMIZATION_LEVEL = 0;
				GCC_PREPROCESSOR_DEFINITIONS = DEBUG;
				GCC_WARN_ABOUT_RETURN_TYPE = YES;
				GCC_WARN_UNUSED_VARIABLE = YES;
				IPHONEOS_DEPLOYMENT_TARGET = 4.2;
				SDKROOT = iphoneos;
			};
			name = Debug;
		};
		25514C7413026D79002C5D1F /* Release */ = {
			isa = XCBuildConfiguration;
			buildSettings = {
				ARCHS = "$(ARCHS_STANDARD_32_BIT)";
				"CODE_SIGN_IDENTITY[sdk=iphoneos*]" = "iPhone Developer";
				GCC_C_LANGUAGE_STANDARD = gnu99;
				GCC_WARN_ABOUT_RETURN_TYPE = YES;
				GCC_WARN_UNUSED_VARIABLE = YES;
				IPHONEOS_DEPLOYMENT_TARGET = 4.2;
				OTHER_CFLAGS = "-DNS_BLOCK_ASSERTIONS=1";
				SDKROOT = iphoneos;
			};
			name = Release;
		};
		25514C7613026D79002C5D1F /* Debug */ = {
			isa = XCBuildConfiguration;
			buildSettings = {
				ALWAYS_SEARCH_USER_PATHS = NO;
				COPY_PHASE_STRIP = NO;
				FRAMEWORK_SEARCH_PATHS = (
					"$(inherited)",
					"\"$(SRCROOT)/External\"",
				);
				GCC_DYNAMIC_NO_PIC = NO;
				GCC_PRECOMPILE_PREFIX_HEADER = YES;
				GCC_PREFIX_HEADER = "PerformanceTesting/PerformanceTesting-Prefix.pch";
				INFOPLIST_FILE = "PerformanceTesting/PerformanceTesting-Info.plist";
				PRODUCT_NAME = "$(TARGET_NAME)";
				USER_HEADER_SEARCH_PATHS = "$(PROJ_HOME)/External/JSON";
				WRAPPER_EXTENSION = app;
			};
			name = Debug;
		};
		25514C7713026D79002C5D1F /* Release */ = {
			isa = XCBuildConfiguration;
			buildSettings = {
				ALWAYS_SEARCH_USER_PATHS = NO;
				COPY_PHASE_STRIP = YES;
				FRAMEWORK_SEARCH_PATHS = (
					"$(inherited)",
					"\"$(SRCROOT)/External\"",
				);
				GCC_PRECOMPILE_PREFIX_HEADER = YES;
				GCC_PREFIX_HEADER = "PerformanceTesting/PerformanceTesting-Prefix.pch";
				INFOPLIST_FILE = "PerformanceTesting/PerformanceTesting-Info.plist";
				PRODUCT_NAME = "$(TARGET_NAME)";
				USER_HEADER_SEARCH_PATHS = "$(PROJ_HOME)/External/JSON";
				VALIDATE_PRODUCT = YES;
				WRAPPER_EXTENSION = app;
			};
			name = Release;
		};
/* End XCBuildConfiguration section */

/* Begin XCConfigurationList section */
		25514C5413026D79002C5D1F /* Build configuration list for PBXProject "PerformanceTesting" */ = {
			isa = XCConfigurationList;
			buildConfigurations = (
				25514C7313026D79002C5D1F /* Debug */,
				25514C7413026D79002C5D1F /* Release */,
			);
			defaultConfigurationIsVisible = 0;
			defaultConfigurationName = Release;
		};
		25514C7513026D79002C5D1F /* Build configuration list for PBXNativeTarget "PerformanceTesting" */ = {
			isa = XCConfigurationList;
			buildConfigurations = (
				25514C7613026D79002C5D1F /* Debug */,
				25514C7713026D79002C5D1F /* Release */,
			);
			defaultConfigurationIsVisible = 0;
			defaultConfigurationName = Release;
		};
/* End XCConfigurationList section */
	};
	rootObject = 25514C5113026D79002C5D1F /* Project object */;
}
